{
  "name": "quota-guard",
  "version": "0.4.1",
  "lockfileVersion": 3,
  "requires": true,
  "packages": {
    "": {
      "name": "quota-guard",
      "version": "0.4.1",
      "dependencies": {
        "bytesize-parse": "file:vendor/bytesize-parse-1.2.0.tgz"
      },
      "engines": {
        "node": ">=24"
      }
    },
    "node_modules/bytesize-parse": {
      "version": "1.2.0",
      "resolved": "file:vendor/bytesize-parse-1.2.0.tgz",
      "integrity": "sha512-wyD6sKTZUPQHGnVRI4kJiF5m7a6lUTM3g96nd6NF4oh4TB1tj/ofuQH8hfgnDv1QWSU6UYYhZ52Pj2oJbTdvSA==",
      "license": "MIT"
    }
  }
}
